
Microsoft Visual Studio Solution File, Format Version 12.00
# Visual Studio Version 17
VisualStudioVersion = 17.0.32112.339
MinimumVisualStudioVersion = 10.0.40219.1
Project("{9A19103F-16F7-4668-BE54-9A1E7A4F7556}") = "Ring3BSoDCSharp", "Ring3BSoDCSharp\Ring3BSoDCSharp.csproj", "{5A26D48A-2462-44BE-B84D-D54812BA0B00}"
EndProject
Project("{C7167F0D-BC9F-4E6E-AFE1-012C56B48DB5}") = "Ring3BSoDCSharp(Packaged)", "Ring3BSoDCSharp(Packaged)\Ring3BSoDCSharp(Packaged).wapproj", "{737BE7AD-BB8D-4218-9939-5613EF7C6DF0}"
EndProject
Global
	GlobalSection(SolutionConfigurationPlatforms) = preSolution
		Debug|Any CPU = Debug|Any CPU
		Debug|ARM = Debug|ARM
		Debug|ARM64 = Debug|ARM64
		Debug|x64 = Debug|x64
		Debug|x86 = Debug|x86
		Release|Any CPU = Release|Any CPU
		Release|ARM = Release|ARM
		Release|ARM64 = Release|ARM64
		Release|x64 = Release|x64
		Release|x86 = Release|x86
	EndGlobalSection
	GlobalSection(ProjectConfigurationPlatforms) = postSolution
		{5A26D48A-2462-44BE-B84D-D54812BA0B00}.Debug|Any CPU.ActiveCfg = Debug|Any CPU
		{5A26D48A-2462-44BE-B84D-D54812BA0B00}.Debug|Any CPU.Build.0 = Debug|Any CPU
		{5A26D48A-2462-44BE-B84D-D54812BA0B00}.Debug|ARM.ActiveCfg = Debug|Any CPU
		{5A26D48A-2462-44BE-B84D-D54812BA0B00}.Debug|ARM.Build.0 = Debug|Any CPU
		{5A26D48A-2462-44BE-B84D-D54812BA0B00}.Debug|ARM64.ActiveCfg = Debug|Any CPU
		{5A26D48A-2462-44BE-B84D-D54812BA0B00}.Debug|ARM64.Build.0 = Debug|Any CPU
		{5A26D48A-2462-44BE-B84D-D54812BA0B00}.Debug|x64.ActiveCfg = Debug|Any CPU
		{5A26D48A-2462-44BE-B84D-D54812BA0B00}.Debug|x64.Build.0 = Debug|Any CPU
		{5A26D48A-2462-44BE-B84D-D54812BA0B00}.Debug|x86.ActiveCfg = Debug|Any CPU
		{5A26D48A-2462-44BE-B84D-D54812BA0B00}.Debug|x86.Build.0 = Debug|Any CPU
		{5A26D48A-2462-44BE-B84D-D54812BA0B00}.Release|Any CPU.ActiveCfg = Release|Any CPU
		{5A26D48A-2462-44BE-B84D-D54812BA0B00}.Release|Any CPU.Build.0 = Release|Any CPU
		{5A26D48A-2462-44BE-B84D-D54812BA0B00}.Release|ARM.ActiveCfg = Release|Any CPU
		{5A26D48A-2462-44BE-B84D-D54812BA0B00}.Release|ARM.Build.0 = Release|Any CPU
		{5A26D48A-2462-44BE-B84D-D54812BA0B00}.Release|ARM64.ActiveCfg = Release|Any CPU
		{5A26D48A-2462-44BE-B84D-D54812BA0B00}.Release|ARM64.Build.0 = Release|Any CPU
		{5A26D48A-2462-44BE-B84D-D54812BA0B00}.Release|x64.ActiveCfg = Release|Any CPU
		{5A26D48A-2462-44BE-B84D-D54812BA0B00}.Release|x64.Build.0 = Release|Any CPU
		{5A26D48A-2462-44BE-B84D-D54812BA0B00}.Release|x86.ActiveCfg = Release|Any CPU
		{5A26D48A-2462-44BE-B84D-D54812BA0B00}.Release|x86.Build.0 = Release|Any CPU
		{737BE7AD-BB8D-4218-9939-5613EF7C6DF0}.Debug|Any CPU.ActiveCfg = Debug|Any CPU
		{737BE7AD-BB8D-4218-9939-5613EF7C6DF0}.Debug|Any CPU.Build.0 = Debug|Any CPU
		{737BE7AD-BB8D-4218-9939-5613EF7C6DF0}.Debug|Any CPU.Deploy.0 = Debug|Any CPU
		{737BE7AD-BB8D-4218-9939-5613EF7C6DF0}.Debug|ARM.ActiveCfg = Debug|ARM
		{737BE7AD-BB8D-4218-9939-5613EF7C6DF0}.Debug|ARM.Build.0 = Debug|ARM
		{737BE7AD-BB8D-4218-9939-5613EF7C6DF0}.Debug|ARM.Deploy.0 = Debug|ARM
		{737BE7AD-BB8D-4218-9939-5613EF7C6DF0}.Debug|ARM64.ActiveCfg = Debug|ARM64
		{737BE7AD-BB8D-4218-9939-5613EF7C6DF0}.Debug|ARM64.Build.0 = Debug|ARM64
		{737BE7AD-BB8D-4218-9939-5613EF7C6DF0}.Debug|ARM64.Deploy.0 = Debug|ARM64
		{737BE7AD-BB8D-4218-9939-5613EF7C6DF0}.Debug|x64.ActiveCfg = Debug|x64
		{737BE7AD-BB8D-4218-9939-5613EF7C6DF0}.Debug|x64.Build.0 = Debug|x64
		{737BE7AD-BB8D-4218-9939-5613EF7C6DF0}.Debug|x64.Deploy.0 = Debug|x64
		{737BE7AD-BB8D-4218-9939-5613EF7C6DF0}.Debug|x86.ActiveCfg = Debug|x86
		{737BE7AD-BB8D-4218-9939-5613EF7C6DF0}.Debug|x86.Build.0 = Debug|x86
		{737BE7AD-BB8D-4218-9939-5613EF7C6DF0}.Debug|x86.Deploy.0 = Debug|x86
		{737BE7AD-BB8D-4218-9939-5613EF7C6DF0}.Release|Any CPU.ActiveCfg = Release|Any CPU
		{737BE7AD-BB8D-4218-9939-5613EF7C6DF0}.Release|Any CPU.Build.0 = Release|Any CPU
		{737BE7AD-BB8D-4218-9939-5613EF7C6DF0}.Release|Any CPU.Deploy.0 = Release|Any CPU
		{737BE7AD-BB8D-4218-9939-5613EF7C6DF0}.Release|ARM.ActiveCfg = Release|ARM
		{737BE7AD-BB8D-4218-9939-5613EF7C6DF0}.Release|ARM.Build.0 = Release|ARM
		{737BE7AD-BB8D-4218-9939-5613EF7C6DF0}.Release|ARM.Deploy.0 = Release|ARM
		{737BE7AD-BB8D-4218-9939-5613EF7C6DF0}.Release|ARM64.ActiveCfg = Release|ARM64
		{737BE7AD-BB8D-4218-9939-5613EF7C6DF0}.Release|ARM64.Build.0 = Release|ARM64
		{737BE7AD-BB8D-4218-9939-5613EF7C6DF0}.Release|ARM64.Deploy.0 = Release|ARM64
		{737BE7AD-BB8D-4218-9939-5613EF7C6DF0}.Release|x64.ActiveCfg = Release|x64
		{737BE7AD-BB8D-4218-9939-5613EF7C6DF0}.Release|x64.Build.0 = Release|x64
		{737BE7AD-BB8D-4218-9939-5613EF7C6DF0}.Release|x64.Deploy.0 = Release|x64
		{737BE7AD-BB8D-4218-9939-5613EF7C6DF0}.Release|x86.ActiveCfg = Release|x86
		{737BE7AD-BB8D-4218-9939-5613EF7C6DF0}.Release|x86.Build.0 = Release|x86
		{737BE7AD-BB8D-4218-9939-5613EF7C6DF0}.Release|x86.Deploy.0 = Release|x86
	EndGlobalSection
	GlobalSection(SolutionProperties) = preSolution
		HideSolutionNode = FALSE
	EndGlobalSection
	GlobalSection(ExtensibilityGlobals) = postSolution
		SolutionGuid = {758E2557-3FBD-4D85-BA15-F6C4614618E8}
	EndGlobalSection
EndGlobal
